// !$*UTF8*$!
{
	archiveVersion = 1;
	classes = {
	};
	objectVersion = 56;
	objects = {

/* Begin PBXBuildFile section */
		7E055E3B2A5F36CB00882B6F /* AppDelegate.swift in Sources */ = {isa = PBXBuildFile; fileRef = 7E055E3A2A5F36CB00882B6F /* AppDelegate.swift */; };
		7E055E3D2A5F36CB00882B6F /* SceneDelegate.swift in Sources */ = {isa = PBXBuildFile; fileRef = 7E055E3C2A5F36CB00882B6F /* SceneDelegate.swift */; };
		7E055E3F2A5F36CB00882B6F /* ViewController.swift in Sources */ = {isa = PBXBuildFile; fileRef = 7E055E3E2A5F36CB00882B6F /* ViewController.swift */; };
		7E055E442A5F36CC00882B6F /* Assets.xcassets in Resources */ = {isa = PBXBuildFile; fileRef = 7E055E432A5F36CC00882B6F /* Assets.xcassets */; };
		7E055E472A5F36CC00882B6F /* LaunchScreen.storyboard in Resources */ = {isa = PBXBuildFile; fileRef = 7E055E452A5F36CC00882B6F /* LaunchScreen.storyboard */; };
		7E055E4F2A5F37A700882B6F /* AppCode.swift in Sources */ = {isa = PBXBuildFile; fileRef = 7E055E4E2A5F37A700882B6F /* AppCode.swift */; };
		7E055E512A5F42AC00882B6F /* FriendViewController.swift in Sources */ = {isa = PBXBuildFile; fileRef = 7E055E502A5F42AC00882B6F /* FriendViewController.swift */; };
		7E055E532A5F488F00882B6F /* GroupsViewController.swift in Sources */ = {isa = PBXBuildFile; fileRef = 7E055E522A5F488F00882B6F /* GroupsViewController.swift */; };
		7E055E552A5F4CB600882B6F /* PhotosViewController.swift in Sources */ = {isa = PBXBuildFile; fileRef = 7E055E542A5F4CB600882B6F /* PhotosViewController.swift */; };
		7E055E572A5F505D00882B6F /* FriendCell.swift in Sources */ = {isa = PBXBuildFile; fileRef = 7E055E562A5F505D00882B6F /* FriendCell.swift */; };
		7EE957FC2A5FCE9A00D75891 /* GroupCell.swift in Sources */ = {isa = PBXBuildFile; fileRef = 7EE957FB2A5FCE9A00D75891 /* GroupCell.swift */; };
		7EE957FE2A5FD78700D75891 /* PhotoCell.swift in Sources */ = {isa = PBXBuildFile; fileRef = 7EE957FD2A5FD78700D75891 /* PhotoCell.swift */; };
		7EE958002A5FE13900D75891 /* Constants.swift in Sources */ = {isa = PBXBuildFile; fileRef = 7EE957FF2A5FE13900D75891 /* Constants.swift */; };
		7EE958022A5FE1B000D75891 /* NetworkService.swift in Sources */ = {isa = PBXBuildFile; fileRef = 7EE958012A5FE1B000D75891 /* NetworkService.swift */; };
		7EE958042A6072ED00D75891 /* FriendsModel.swift in Sources */ = {isa = PBXBuildFile; fileRef = 7EE958032A6072ED00D75891 /* FriendsModel.swift */; };
		7EE958062A60747300D75891 /* GroupsModel.swift in Sources */ = {isa = PBXBuildFile; fileRef = 7EE958052A60747300D75891 /* GroupsModel.swift */; };
		7EE958082A60753500D75891 /* PhotosModel.swift in Sources */ = {isa = PBXBuildFile; fileRef = 7EE958072A60753500D75891 /* PhotosModel.swift */; };
		7EE9580A2A60760500D75891 /* ProfileViewController.swift in Sources */ = {isa = PBXBuildFile; fileRef = 7EE958092A60760500D75891 /* ProfileViewController.swift */; };
		7EE9580C2A607D9B00D75891 /* UserModel.swift in Sources */ = {isa = PBXBuildFile; fileRef = 7EE9580B2A607D9B00D75891 /* UserModel.swift */; };
/* End PBXBuildFile section */

/* Begin PBXFileReference section */
		7E055E372A5F36CB00882B6F /* HW_5.2.app */ = {isa = PBXFileReference; explicitFileType = wrapper.application; includeInIndex = 0; path = HW_5.2.app; sourceTree = BUILT_PRODUCTS_DIR; };
		7E055E3A2A5F36CB00882B6F /* AppDelegate.swift */ = {isa = PBXFileReference; lastKnownFileType = sourcecode.swift; path = AppDelegate.swift; sourceTree = "<group>"; };
		7E055E3C2A5F36CB00882B6F /* SceneDelegate.swift */ = {isa = PBXFileReference; lastKnownFileType = sourcecode.swift; path = SceneDelegate.swift; sourceTree = "<group>"; };
		7E055E3E2A5F36CB00882B6F /* ViewController.swift */ = {isa = PBXFileReference; lastKnownFileType = sourcecode.swift; path = ViewController.swift; sourceTree = "<group>"; };
		7E055E432A5F36CC00882B6F /* Assets.xcassets */ = {isa = PBXFileReference; lastKnownFileType = folder.assetcatalog; path = Assets.xcassets; sourceTree = "<group>"; };
		7E055E462A5F36CC00882B6F /* Base */ = {isa = PBXFileReference; lastKnownFileType = file.storyboard; name = Base; path = Base.lproj/LaunchScreen.storyboard; sourceTree = "<group>"; };
		7E055E482A5F36CC00882B6F /* Info.plist */ = {isa = PBXFileReference; lastKnownFileType = text.plist.xml; path = Info.plist; sourceTree = "<group>"; };
		7E055E4E2A5F37A700882B6F /* AppCode.swift */ = {isa = PBXFileReference; lastKnownFileType = sourcecode.swift; path = AppCode.swift; sourceTree = "<group>"; };
		7E055E502A5F42AC00882B6F /* FriendViewController.swift */ = {isa = PBXFileReference; lastKnownFileType = sourcecode.swift; path = FriendViewController.swift; sourceTree = "<group>"; };
		7E055E522A5F488F00882B6F /* GroupsViewController.swift */ = {isa = PBXFileReference; lastKnownFileType = sourcecode.swift; path = GroupsViewController.swift; sourceTree = "<group>"; };
		7E055E542A5F4CB600882B6F /* PhotosViewController.swift */ = {isa = PBXFileReference; lastKnownFileType = sourcecode.swift; path = PhotosViewController.swift; sourceTree = "<group>"; };
		7E055E562A5F505D00882B6F /* FriendCell.swift */ = {isa = PBXFileReference; lastKnownFileType = sourcecode.swift; path = FriendCell.swift; sourceTree = "<group>"; };
		7EE957FB2A5FCE9A00D75891 /* GroupCell.swift */ = {isa = PBXFileReference; lastKnownFileType = sourcecode.swift; path = GroupCell.swift; sourceTree = "<group>"; };
		7EE957FD2A5FD78700D75891 /* PhotoCell.swift */ = {isa = PBXFileReference; lastKnownFileType = sourcecode.swift; path = PhotoCell.swift; sourceTree = "<group>"; };
		7EE957FF2A5FE13900D75891 /* Constants.swift */ = {isa = PBXFileReference; lastKnownFileType = sourcecode.swift; path = Constants.swift; sourceTree = "<group>"; };
		7EE958012A5FE1B000D75891 /* NetworkService.swift */ = {isa = PBXFileReference; lastKnownFileType = sourcecode.swift; path = NetworkService.swift; sourceTree = "<group>"; };
		7EE958032A6072ED00D75891 /* FriendsModel.swift */ = {isa = PBXFileReference; lastKnownFileType = sourcecode.swift; path = FriendsModel.swift; sourceTree = "<group>"; };
		7EE958052A60747300D75891 /* GroupsModel.swift */ = {isa = PBXFileReference; lastKnownFileType = sourcecode.swift; path = GroupsModel.swift; sourceTree = "<group>"; };
		7EE958072A60753500D75891 /* PhotosModel.swift */ = {isa = PBXFileReference; lastKnownFileType = sourcecode.swift; path = PhotosModel.swift; sourceTree = "<group>"; };
		7EE958092A60760500D75891 /* ProfileViewController.swift */ = {isa = PBXFileReference; lastKnownFileType = sourcecode.swift; path = ProfileViewController.swift; sourceTree = "<group>"; };
		7EE9580B2A607D9B00D75891 /* UserModel.swift */ = {isa = PBXFileReference; lastKnownFileType = sourcecode.swift; path = UserModel.swift; sourceTree = "<group>"; };
/* End PBXFileReference section */

/* Begin PBXFrameworksBuildPhase section */
		7E055E342A5F36CB00882B6F /* Frameworks */ = {
			isa = PBXFrameworksBuildPhase;
			buildActionMask = 2147483647;
			files = (
			);
			runOnlyForDeploymentPostprocessing = 0;
		};
/* End PBXFrameworksBuildPhase section */

/* Begin PBXGroup section */
		7E055E2E2A5F36CB00882B6F = {
			isa = PBXGroup;
			children = (
				7E055E392A5F36CB00882B6F /* HW_5.2 */,
				7E055E382A5F36CB00882B6F /* Products */,
			);
			sourceTree = "<group>";
		};
		7E055E382A5F36CB00882B6F /* Products */ = {
			isa = PBXGroup;
			children = (
				7E055E372A5F36CB00882B6F /* HW_5.2.app */,
			);
			name = Products;
			sourceTree = "<group>";
		};
		7E055E392A5F36CB00882B6F /* HW_5.2 */ = {
			isa = PBXGroup;
			children = (
				7E055E4E2A5F37A700882B6F /* AppCode.swift */,
				7E055E3A2A5F36CB00882B6F /* AppDelegate.swift */,
				7E055E3C2A5F36CB00882B6F /* SceneDelegate.swift */,
				7E055E3E2A5F36CB00882B6F /* ViewController.swift */,
				7E055E432A5F36CC00882B6F /* Assets.xcassets */,
				7E055E452A5F36CC00882B6F /* LaunchScreen.storyboard */,
				7E055E482A5F36CC00882B6F /* Info.plist */,
				7EE957FF2A5FE13900D75891 /* Constants.swift */,
				7E055E502A5F42AC00882B6F /* FriendViewController.swift */,
				7E055E522A5F488F00882B6F /* GroupsViewController.swift */,
				7E055E542A5F4CB600882B6F /* PhotosViewController.swift */,
				7EE958092A60760500D75891 /* ProfileViewController.swift */,
				7E055E562A5F505D00882B6F /* FriendCell.swift */,
				7EE957FB2A5FCE9A00D75891 /* GroupCell.swift */,
				7EE957FD2A5FD78700D75891 /* PhotoCell.swift */,
				7EE958032A6072ED00D75891 /* FriendsModel.swift */,
				7EE958052A60747300D75891 /* GroupsModel.swift */,
				7EE958072A60753500D75891 /* PhotosModel.swift */,
				7EE9580B2A607D9B00D75891 /* UserModel.swift */,
				7EE958012A5FE1B000D75891 /* NetworkService.swift */,
			);
			path = HW_5.2;
			sourceTree = "<group>";
		};
/* End PBXGroup section */

/* Begin PBXNativeTarget section */
		7E055E362A5F36CB00882B6F /* HW_5.2 */ = {
			isa = PBXNativeTarget;
			buildConfigurationList = 7E055E4B2A5F36CC00882B6F /* Build configuration list for PBXNativeTarget "HW_5.2" */;
			buildPhases = (
				7E055E332A5F36CB00882B6F /* Sources */,
				7E055E342A5F36CB00882B6F /* Frameworks */,
				7E055E352A5F36CB00882B6F /* Resources */,
			);
			buildRules = (
			);
			dependencies = (
			);
			name = HW_5.2;
			productName = HW_5.2;
			productReference = 7E055E372A5F36CB00882B6F /* HW_5.2.app */;
			productType = "com.apple.product-type.application";
		};
/* End PBXNativeTarget section */

/* Begin PBXProject section */
		7E055E2F2A5F36CB00882B6F /* Project object */ = {
			isa = PBXProject;
			attributes = {
				BuildIndependentTargetsInParallel = 1;
				LastSwiftUpdateCheck = 1430;
				LastUpgradeCheck = 1430;
				TargetAttributes = {
					7E055E362A5F36CB00882B6F = {
						CreatedOnToolsVersion = 14.3.1;
					};
				};
			};
			buildConfigurationList = 7E055E322A5F36CB00882B6F /* Build configuration list for PBXProject "HW_5.2" */;
			compatibilityVersion = "Xcode 14.0";
			developmentRegion = en;
			hasScannedForEncodings = 0;
			knownRegions = (
				en,
				Base,
			);
			mainGroup = 7E055E2E2A5F36CB00882B6F;
			productRefGroup = 7E055E382A5F36CB00882B6F /* Products */;
			projectDirPath = "";
			projectRoot = "";
			targets = (
				7E055E362A5F36CB00882B6F /* HW_5.2 */,
			);
		};
/* End PBXProject section */

/* Begin PBXResourcesBuildPhase section */
		7E055E352A5F36CB00882B6F /* Resources */ = {
			isa = PBXResourcesBuildPhase;
			buildActionMask = 2147483647;
			files = (
				7E055E472A5F36CC00882B6F /* LaunchScreen.storyboard in Resources */,
				7E055E442A5F36CC00882B6F /* Assets.xcassets in Resources */,
			);
			runOnlyForDeploymentPostprocessing = 0;
		};
/* End PBXResourcesBuildPhase section */

/* Begin PBXSourcesBuildPhase section */
		7E055E332A5F36CB00882B6F /* Sources */ = {
			isa = PBXSourcesBuildPhase;
			buildActionMask = 2147483647;
			files = (
				7EE957FC2A5FCE9A00D75891 /* GroupCell.swift in Sources */,
				7EE958002A5FE13900D75891 /* Constants.swift in Sources */,
				7E055E4F2A5F37A700882B6F /* AppCode.swift in Sources */,
				7E055E3F2A5F36CB00882B6F /* ViewController.swift in Sources */,
				7E055E532A5F488F00882B6F /* GroupsViewController.swift in Sources */,
				7E055E572A5F505D00882B6F /* FriendCell.swift in Sources */,
				7EE9580A2A60760500D75891 /* ProfileViewController.swift in Sources */,
				7E055E3B2A5F36CB00882B6F /* AppDelegate.swift in Sources */,
				7EE9580C2A607D9B00D75891 /* UserModel.swift in Sources */,
				7EE957FE2A5FD78700D75891 /* PhotoCell.swift in Sources */,
				7E055E552A5F4CB600882B6F /* PhotosViewController.swift in Sources */,
				7EE958042A6072ED00D75891 /* FriendsModel.swift in Sources */,
				7E055E3D2A5F36CB00882B6F /* SceneDelegate.swift in Sources */,
				7EE958082A60753500D75891 /* PhotosModel.swift in Sources */,
				7EE958062A60747300D75891 /* GroupsModel.swift in Sources */,
				7EE958022A5FE1B000D75891 /* NetworkService.swift in Sources */,
				7E055E512A5F42AC00882B6F /* FriendViewController.swift in Sources */,
			);
			runOnlyForDeploymentPostprocessing = 0;
		};
/* End PBXSourcesBuildPhase section */

/* Begin PBXVariantGroup section */
		7E055E452A5F36CC00882B6F /* LaunchScreen.storyboard */ = {
			isa = PBXVariantGroup;
			children = (
				7E055E462A5F36CC00882B6F /* Base */,
			);
			name = LaunchScreen.storyboard;
			sourceTree = "<group>";
		};
/* End PBXVariantGroup section */

/* Begin XCBuildConfiguration section */
		7E055E492A5F36CC00882B6F /* Debug */ = {
			isa = XCBuildConfiguration;
			buildSettings = {
				ALWAYS_SEARCH_USER_PATHS = NO;
				CLANG_ANALYZER_NONNULL = YES;
				CLANG_ANALYZER_NUMBER_OBJECT_CONVERSION = YES_AGGRESSIVE;
				CLANG_CXX_LANGUAGE_STANDARD = "gnu++20";
				CLANG_ENABLE_MODULES = YES;
				CLANG_ENABLE_OBJC_ARC = YES;
				CLANG_ENABLE_OBJC_WEAK = YES;
				CLANG_WARN_BLOCK_CAPTURE_AUTORELEASING = YES;
				CLANG_WARN_BOOL_CONVERSION = YES;
				CLANG_WARN_COMMA = YES;
				CLANG_WARN_CONSTANT_CONVERSION = YES;
				CLANG_WARN_DEPRECATED_OBJC_IMPLEMENTATIONS = YES;
				CLANG_WARN_DIRECT_OBJC_ISA_USAGE = YES_ERROR;
				CLANG_WARN_DOCUMENTATION_COMMENTS = YES;
				CLANG_WARN_EMPTY_BODY = YES;
				CLANG_WARN_ENUM_CONVERSION = YES;
				CLANG_WARN_INFINITE_RECURSION = YES;
				CLANG_WARN_INT_CONVERSION = YES;
				CLANG_WARN_NON_LITERAL_NULL_CONVERSION = YES;
				CLANG_WARN_OBJC_IMPLICIT_RETAIN_SELF = YES;
				CLANG_WARN_OBJC_LITERAL_CONVERSION = YES;
				CLANG_WARN_OBJC_ROOT_CLASS = YES_ERROR;
				CLANG_WARN_QUOTED_INCLUDE_IN_FRAMEWORK_HEADER = YES;
				CLANG_WARN_RANGE_LOOP_ANALYSIS = YES;
				CLANG_WARN_STRICT_PROTOTYPES = YES;
				CLANG_WARN_SUSPICIOUS_MOVE = YES;
				CLANG_WARN_UNGUARDED_AVAILABILITY = YES_AGGRESSIVE;
				CLANG_WARN_UNREACHABLE_CODE = YES;
				CLANG_WARN__DUPLICATE_METHOD_MATCH = YES;
				COPY_PHASE_STRIP = NO;
				DEBUG_INFORMATION_FORMAT = dwarf;
				ENABLE_STRICT_OBJC_MSGSEND = YES;
				ENABLE_TESTABILITY = YES;
				GCC_C_LANGUAGE_STANDARD = gnu11;
				GCC_DYNAMIC_NO_PIC = NO;
				GCC_NO_COMMON_BLOCKS = YES;
				GCC_OPTIMIZATION_LEVEL = 0;
				GCC_PREPROCESSOR_DEFINITIONS = (
					"DEBUG=1",
					"$(inherited)",
				);
				GCC_WARN_64_TO_32_BIT_CONVERSION = YES;
				GCC_WARN_ABOUT_RETURN_TYPE = YES_ERROR;
				GCC_WARN_UNDECLARED_SELECTOR = YES;
				GCC_WARN_UNINITIALIZED_AUTOS = YES_AGGRESSIVE;
				GCC_WARN_UNUSED_FUNCTION = YES;
				GCC_WARN_UNUSED_VARIABLE = YES;
				IPHONEOS_DEPLOYMENT_TARGET = 16.4;
				MTL_ENABLE_DEBUG_INFO = INCLUDE_SOURCE;
				MTL_FAST_MATH = YES;
				ONLY_ACTIVE_ARCH = YES;
				SDKROOT = iphoneos;
				SWIFT_ACTIVE_COMPILATION_CONDITIONS = DEBUG;
				SWIFT_OPTIMIZATION_LEVEL = "-Onone";
			};
			name = Debug;
		};
		7E055E4A2A5F36CC00882B6F /* Release */ = {
			isa = XCBuildConfiguration;
			buildSettings = {
				ALWAYS_SEARCH_USER_PATHS = NO;
				CLANG_ANALYZER_NONNULL = YES;
				CLANG_ANALYZER_NUMBER_OBJECT_CONVERSION = YES_AGGRESSIVE;
				CLANG_CXX_LANGUAGE_STANDARD = "gnu++20";
				CLANG_ENABLE_MODULES = YES;
				CLANG_ENABLE_OBJC_ARC = YES;
				CLANG_ENABLE_OBJC_WEAK = YES;
				CLANG_WARN_BLOCK_CAPTURE_AUTORELEASING = YES;
				CLANG_WARN_BOOL_CONVERSION = YES;
				CLANG_WARN_COMMA = YES;
				CLANG_WARN_CONSTANT_CONVERSION = YES;
				CLANG_WARN_DEPRECATED_OBJC_IMPLEMENTATIONS = YES;
				CLANG_WARN_DIRECT_OBJC_ISA_USAGE = YES_ERROR;
				CLANG_WARN_DOCUMENTATION_COMMENTS = YES;
				CLANG_WARN_EMPTY_BODY = YES;
				CLANG_WARN_ENUM_CONVERSION = YES;
				CLANG_WARN_INFINITE_RECURSION = YES;
				CLANG_WARN_INT_CONVERSION = YES;
				CLANG_WARN_NON_LITERAL_NULL_CONVERSION = YES;
				CLANG_WARN_OBJC_IMPLICIT_RETAIN_SELF = YES;
				CLANG_WARN_OBJC_LITERAL_CONVERSION = YES;
				CLANG_WARN_OBJC_ROOT_CLASS = YES_ERROR;
				CLANG_WARN_QUOTED_INCLUDE_IN_FRAMEWORK_HEADER = YES;
				CLANG_WARN_RANGE_LOOP_ANALYSIS = YES;
				CLANG_WARN_STRICT_PROTOTYPES = YES;
				CLANG_WARN_SUSPICIOUS_MOVE = YES;
				CLANG_WARN_UNGUARDED_AVAILABILITY = YES_AGGRESSIVE;
				CLANG_WARN_UNREACHABLE_CODE = YES;
				CLANG_WARN__DUPLICATE_METHOD_MATCH = YES;
				COPY_PHASE_STRIP = NO;
				DEBUG_INFORMATION_FORMAT = "dwarf-with-dsym";
				ENABLE_NS_ASSERTIONS = NO;
				ENABLE_STRICT_OBJC_MSGSEND = YES;
				GCC_C_LANGUAGE_STANDARD = gnu11;
				GCC_NO_COMMON_BLOCKS = YES;
				GCC_WARN_64_TO_32_BIT_CONVERSION = YES;
				GCC_WARN_ABOUT_RETURN_TYPE = YES_ERROR;
				GCC_WARN_UNDECLARED_SELECTOR = YES;
				GCC_WARN_UNINITIALIZED_AUTOS = YES_AGGRESSIVE;
				GCC_WARN_UNUSED_FUNCTION = YES;
				GCC_WARN_UNUSED_VARIABLE = YES;
				IPHONEOS_DEPLOYMENT_TARGET = 16.4;
				MTL_ENABLE_DEBUG_INFO = NO;
				MTL_FAST_MATH = YES;
				SDKROOT = iphoneos;
				SWIFT_COMPILATION_MODE = wholemodule;
				SWIFT_OPTIMIZATION_LEVEL = "-O";
				VALIDATE_PRODUCT = YES;
			};
			name = Release;
		};
		7E055E4C2A5F36CC00882B6F /* Debug */ = {
			isa = XCBuildConfiguration;
			buildSettings = {
				ASSETCATALOG_COMPILER_APPICON_NAME = AppIcon;
				ASSETCATALOG_COMPILER_GLOBAL_ACCENT_COLOR_NAME = AccentColor;
				CODE_SIGN_STYLE = Automatic;
				CURRENT_PROJECT_VERSION = 1;
				GENERATE_INFOPLIST_FILE = YES;
				INFOPLIST_FILE = HW_5.2/Info.plist;
				INFOPLIST_KEY_UIApplicationSupportsIndirectInputEvents = YES;
				INFOPLIST_KEY_UILaunchStoryboardName = LaunchScreen;
				INFOPLIST_KEY_UISupportedInterfaceOrientations_iPad = "UIInterfaceOrientationPortrait UIInterfaceOrientationPortraitUpsideDown UIInterfaceOrientationLandscapeLeft UIInterfaceOrientationLandscapeRight";
				INFOPLIST_KEY_UISupportedInterfaceOrientations_iPhone = "UIInterfaceOrientationPortrait UIInterfaceOrientationLandscapeLeft UIInterfaceOrientationLandscapeRight";
				LD_RUNPATH_SEARCH_PATHS = (
					"$(inherited)",
					"@executable_path/Frameworks",
				);
				MARKETING_VERSION = 1.0;
				PRODUCT_BUNDLE_IDENTIFIER = "GB.HW-5-2";
				PRODUCT_NAME = "$(TARGET_NAME)";
				SWIFT_EMIT_LOC_STRINGS = YES;
				SWIFT_VERSION = 5.0;
				TARGETED_DEVICE_FAMILY = "1,2";
			};
			name = Debug;
		};
		7E055E4D2A5F36CC00882B6F /* Release */ = {
			isa = XCBuildConfiguration;
			buildSettings = {
				ASSETCATALOG_COMPILER_APPICON_NAME = AppIcon;
				ASSETCATALOG_COMPILER_GLOBAL_ACCENT_COLOR_NAME = AccentColor;
				CODE_SIGN_STYLE = Automatic;
				CURRENT_PROJECT_VERSION = 1;
				GENERATE_INFOPLIST_FILE = YES;
				INFOPLIST_FILE = HW_5.2/Info.plist;
				INFOPLIST_KEY_UIApplicationSupportsIndirectInputEvents = YES;
				INFOPLIST_KEY_UILaunchStoryboardName = LaunchScreen;
				INFOPLIST_KEY_UISupportedInterfaceOrientations_iPad = "UIInterfaceOrientationPortrait UIInterfaceOrientationPortraitUpsideDown UIInterfaceOrientationLandscapeLeft UIInterfaceOrientationLandscapeRight";
				INFOPLIST_KEY_UISupportedInterfaceOrientations_iPhone = "UIInterfaceOrientationPortrait UIInterfaceOrientationLandscapeLeft UIInterfaceOrientationLandscapeRight";
				LD_RUNPATH_SEARCH_PATHS = (
					"$(inherited)",
					"@executable_path/Frameworks",
				);
				MARKETING_VERSION = 1.0;
				PRODUCT_BUNDLE_IDENTIFIER = "GB.HW-5-2";
				PRODUCT_NAME = "$(TARGET_NAME)";
				SWIFT_EMIT_LOC_STRINGS = YES;
				SWIFT_VERSION = 5.0;
				TARGETED_DEVICE_FAMILY = "1,2";
			};
			name = Release;
		};
/* End XCBuildConfiguration section */

/* Begin XCConfigurationList section */
		7E055E322A5F36CB00882B6F /* Build configuration list for PBXProject "HW_5.2" */ = {
			isa = XCConfigurationList;
			buildConfigurations = (
				7E055E492A5F36CC00882B6F /* Debug */,
				7E055E4A2A5F36CC00882B6F /* Release */,
			);
			defaultConfigurationIsVisible = 0;
			defaultConfigurationName = Release;
		};
		7E055E4B2A5F36CC00882B6F /* Build configuration list for PBXNativeTarget "HW_5.2" */ = {
			isa = XCConfigurationList;
			buildConfigurations = (
				7E055E4C2A5F36CC00882B6F /* Debug */,
				7E055E4D2A5F36CC00882B6F /* Release */,
			);
			defaultConfigurationIsVisible = 0;
			defaultConfigurationName = Release;
		};
/* End XCConfigurationList section */
	};
	rootObject = 7E055E2F2A5F36CB00882B6F /* Project object */;
}
